# @generated - this file is auto-generated by `mise lock` https://mise.jdx.dev/dev-tools/mise-lock.html

[[tools.node]]
version = "22.12.0"
backend = "core:node"

[tools.node."platforms.linux-x64"]
checksum = "sha256:e05a4d65232ae2b27b3d77da2e368522fb46b923335b8e0d5f77624c32484044"
url = "https://nodejs.org/dist/v22.12.0/node-v22.12.0-linux-x64.tar.gz"

[[tools.pnpm]]
version = "10.12.3"
backend = "aqua:pnpm/pnpm"

[tools.pnpm."platforms.linux-x64"]
checksum = "sha256:7fe4928070a41efc53f115a1c05d797116a5db15e8059b46f2d7dbd370551d73"
url = "https://github.com/pnpm/pnpm/releases/download/v10.12.3/pnpm-linux-x64"
url_api = "https://api.github.com/repos/pnpm/pnpm/releases/assets/266763325"

[[tools.python]]
version = "3.12.8"
backend = "core:python"

[tools.python."platforms.linux-x64"]
checksum = "sha256:34a5a1619aba16544ec8d6f225be59b333d650f58983eeca25193722dc9016fd"
url = "https://github.com/astral-sh/python-build-standalone/releases/download/20250115/cpython-3.12.8+20250115-x86_64-unknown-linux-gnu-install_only_stripped.tar.gz"
provenance = "github-attestations"

[[tools.rust]]
version = "1.95.0"
backend = "core:rust"

[tools.rust.options]
components = "clippy,rustfmt"
profile = "minimal"
targets = "aarch64-apple-darwin,x86_64-apple-darwin"
